
Microsoft Visual Studio Solution File, Format Version 12.00
# Visual Studio Version 16
VisualStudioVersion = 16.0.30114.105
MinimumVisualStudioVersion = 10.0.40219.1
Project("{FAE04EC0-301F-11D3-BF4B-00C04F79EFBC}") = "SmartPoles.API", "SmartPoles.API\SmartPoles.API.csproj", "{12948EB5-7C45-4345-9BF2-89310D08E246}"
EndProject
Project("{FAE04EC0-301F-11D3-BF4B-00C04F79EFBC}") = "SmartPoles.Domain", "SmartPoles.Domain\SmartPoles.Domain.csproj", "{47AF55D5-5839-42FC-ADA1-09FE7C7F61C1}"
EndProject
Project("{FAE04EC0-301F-11D3-BF4B-00C04F79EFBC}") = "SmartPoles.Data", "SmartPoles.Data\SmartPoles.Data.csproj", "{E8666E1A-03FA-43E4-8439-142F6EB31D85}"
EndProject
Project("{FAE04EC0-301F-11D3-BF4B-00C04F79EFBC}") = "SmartPoles.IOC", "SmartPoles.IOC\SmartPoles.IOC.csproj", "{8BC5F458-C67D-4D3B-9EE9-013CA58BCF62}"
EndProject
Project("{FAE04EC0-301F-11D3-BF4B-00C04F79EFBC}") = "SmartPoles.BLL", "SmartPoles.BLL\SmartPoles.BLL.csproj", "{120A201E-9324-4010-A894-F4E512147A8D}"
EndProject
Global
	GlobalSection(SolutionConfigurationPlatforms) = preSolution
		Debug|Any CPU = Debug|Any CPU
		Release|Any CPU = Release|Any CPU
	EndGlobalSection
	GlobalSection(SolutionProperties) = preSolution
		HideSolutionNode = FALSE
	EndGlobalSection
	GlobalSection(ProjectConfigurationPlatforms) = postSolution
		{12948EB5-7C45-4345-9BF2-89310D08E246}.Debug|Any CPU.ActiveCfg = Debug|Any CPU
		{12948EB5-7C45-4345-9BF2-89310D08E246}.Debug|Any CPU.Build.0 = Debug|Any CPU
		{12948EB5-7C45-4345-9BF2-89310D08E246}.Release|Any CPU.ActiveCfg = Release|Any CPU
		{12948EB5-7C45-4345-9BF2-89310D08E246}.Release|Any CPU.Build.0 = Release|Any CPU
		{47AF55D5-5839-42FC-ADA1-09FE7C7F61C1}.Debug|Any CPU.ActiveCfg = Debug|Any CPU
		{47AF55D5-5839-42FC-ADA1-09FE7C7F61C1}.Debug|Any CPU.Build.0 = Debug|Any CPU
		{47AF55D5-5839-42FC-ADA1-09FE7C7F61C1}.Release|Any CPU.ActiveCfg = Release|Any CPU
		{47AF55D5-5839-42FC-ADA1-09FE7C7F61C1}.Release|Any CPU.Build.0 = Release|Any CPU
		{E8666E1A-03FA-43E4-8439-142F6EB31D85}.Debug|Any CPU.ActiveCfg = Debug|Any CPU
		{E8666E1A-03FA-43E4-8439-142F6EB31D85}.Debug|Any CPU.Build.0 = Debug|Any CPU
		{E8666E1A-03FA-43E4-8439-142F6EB31D85}.Release|Any CPU.ActiveCfg = Release|Any CPU
		{E8666E1A-03FA-43E4-8439-142F6EB31D85}.Release|Any CPU.Build.0 = Release|Any CPU
		{8BC5F458-C67D-4D3B-9EE9-013CA58BCF62}.Debug|Any CPU.ActiveCfg = Debug|Any CPU
		{8BC5F458-C67D-4D3B-9EE9-013CA58BCF62}.Debug|Any CPU.Build.0 = Debug|Any CPU
		{8BC5F458-C67D-4D3B-9EE9-013CA58BCF62}.Release|Any CPU.ActiveCfg = Release|Any CPU
		{8BC5F458-C67D-4D3B-9EE9-013CA58BCF62}.Release|Any CPU.Build.0 = Release|Any CPU
		{B31F322A-E096-47B3-9AEF-9018150A3EB1}.Debug|Any CPU.ActiveCfg = Debug|Any CPU
		{B31F322A-E096-47B3-9AEF-9018150A3EB1}.Debug|Any CPU.Build.0 = Debug|Any CPU
		{B31F322A-E096-47B3-9AEF-9018150A3EB1}.Release|Any CPU.ActiveCfg = Release|Any CPU
		{B31F322A-E096-47B3-9AEF-9018150A3EB1}.Release|Any CPU.Build.0 = Release|Any CPU
		{120A201E-9324-4010-A894-F4E512147A8D}.Debug|Any CPU.ActiveCfg = Debug|Any CPU
		{120A201E-9324-4010-A894-F4E512147A8D}.Debug|Any CPU.Build.0 = Debug|Any CPU
		{120A201E-9324-4010-A894-F4E512147A8D}.Release|Any CPU.ActiveCfg = Release|Any CPU
		{120A201E-9324-4010-A894-F4E512147A8D}.Release|Any CPU.Build.0 = Release|Any CPU
	EndGlobalSection
EndGlobal
